// !$*UTF8*$!
{
	archiveVersion = 1;
	classes = {
	};
	objectVersion = 46;
	objects = {

/* Begin PBXBuildFile section */
		95124A401F510272001A4B75 /* WordsmithFeedViewController.swift in Sources */ = {isa = PBXBuildFile; fileRef = 95124A3F1F510272001A4B75 /* WordsmithFeedViewController.swift */; };
		95124A421F510BE3001A4B75 /* TrackTableViewCell.swift in Sources */ = {isa = PBXBuildFile; fileRef = 95124A411F510BE3001A4B75 /* TrackTableViewCell.swift */; };
		951D22881EEF3DA5005264A7 /* AppDelegate.swift in Sources */ = {isa = PBXBuildFile; fileRef = 951D22871EEF3DA5005264A7 /* AppDelegate.swift */; };
		951D228A1EEF3DA5005264A7 /* MainViewController.swift in Sources */ = {isa = PBXBuildFile; fileRef = 951D22891EEF3DA5005264A7 /* MainViewController.swift */; };
		951D228D1EEF3DA5005264A7 /* Main.storyboard in Resources */ = {isa = PBXBuildFile; fileRef = 951D228B1EEF3DA5005264A7 /* Main.storyboard */; };
		951D228F1EEF3DA5005264A7 /* Assets.xcassets in Resources */ = {isa = PBXBuildFile; fileRef = 951D228E1EEF3DA5005264A7 /* Assets.xcassets */; };
		951D22921EEF3DA5005264A7 /* LaunchScreen.storyboard in Resources */ = {isa = PBXBuildFile; fileRef = 951D22901EEF3DA5005264A7 /* LaunchScreen.storyboard */; };
		951D229A1EEF3EAC005264A7 /* GoogleService-Info.plist in Resources */ = {isa = PBXBuildFile; fileRef = 951D22991EEF3EAC005264A7 /* GoogleService-Info.plist */; };
		951D22A01EF492C5005264A7 /* MenuButton.swift in Sources */ = {isa = PBXBuildFile; fileRef = 951D229F1EF492C5005264A7 /* MenuButton.swift */; };
		951D22A41EF9E442005264A7 /* WordsmithPageViewController.swift in Sources */ = {isa = PBXBuildFile; fileRef = 951D22A31EF9E442005264A7 /* WordsmithPageViewController.swift */; };
		951D22A61EF9F016005264A7 /* GenreChoiceViewController.swift in Sources */ = {isa = PBXBuildFile; fileRef = 951D22A51EF9F016005264A7 /* GenreChoiceViewController.swift */; };
		951D22AB1EFA08CE005264A7 /* GenreCollectionViewCell.swift in Sources */ = {isa = PBXBuildFile; fileRef = 951D22AA1EFA08CE005264A7 /* GenreCollectionViewCell.swift */; };
		951D22AD1EFA09FB005264A7 /* User.swift in Sources */ = {isa = PBXBuildFile; fileRef = 951D22AC1EFA09FB005264A7 /* User.swift */; };
		951D22AF1EFA0A24005264A7 /* Track.swift in Sources */ = {isa = PBXBuildFile; fileRef = 951D22AE1EFA0A24005264A7 /* Track.swift */; };
		951D22B21EFA0EC4005264A7 /* GenreCollectionViewController.swift in Sources */ = {isa = PBXBuildFile; fileRef = 951D22B11EFA0EC4005264A7 /* GenreCollectionViewController.swift */; };
		951D22B41EFD779A005264A7 /* rock.m4v in Resources */ = {isa = PBXBuildFile; fileRef = 951D22B31EFD779A005264A7 /* rock.m4v */; };
		951D22B61EFD8E31005264A7 /* VideoContainerView.swift in Sources */ = {isa = PBXBuildFile; fileRef = 951D22B51EFD8E31005264A7 /* VideoContainerView.swift */; };
		951D22B81F0AE138005264A7 /* WordsmithHomeViewController.swift in Sources */ = {isa = PBXBuildFile; fileRef = 951D22B71F0AE138005264A7 /* WordsmithHomeViewController.swift */; };
		951D22BA1F0AF97B005264A7 /* StatView.xib in Resources */ = {isa = PBXBuildFile; fileRef = 951D22B91F0AF97B005264A7 /* StatView.xib */; };
		951D22BC1F0AFC41005264A7 /* StatView.swift in Sources */ = {isa = PBXBuildFile; fileRef = 951D22BB1F0AFC41005264A7 /* StatView.swift */; };
		951D22BE1F0B10D6005264A7 /* Stat.swift in Sources */ = {isa = PBXBuildFile; fileRef = 951D22BD1F0B10D6005264A7 /* Stat.swift */; };
		95265BAE1F0D88E700F44E05 /* WordsmithChoiceViewController.swift in Sources */ = {isa = PBXBuildFile; fileRef = 95265BAD1F0D88E700F44E05 /* WordsmithChoiceViewController.swift */; };
		9535E3A51F14581B0025531E /* WordsmithPageViewControllerChild.swift in Sources */ = {isa = PBXBuildFile; fileRef = 9535E3A41F14581B0025531E /* WordsmithPageViewControllerChild.swift */; };
		9535E3AA1F145BFC0025531E /* TrackInfoView.xib in Resources */ = {isa = PBXBuildFile; fileRef = 9535E3A91F145BFC0025531E /* TrackInfoView.xib */; };
		9535E3AC1F145DA30025531E /* TrackInfoView.swift in Sources */ = {isa = PBXBuildFile; fileRef = 9535E3AB1F145DA30025531E /* TrackInfoView.swift */; };
		9535E3AE1F15B0770025531E /* StudioViewController.swift in Sources */ = {isa = PBXBuildFile; fileRef = 9535E3AD1F15B0770025531E /* StudioViewController.swift */; };
		9535E3B11F16BBEB0025531E /* CustomShowSegue.swift in Sources */ = {isa = PBXBuildFile; fileRef = 9535E3B01F16BBEB0025531E /* CustomShowSegue.swift */; };
		953A2E791F4E101E00D88C52 /* ActivityIndicatorView.swift in Sources */ = {isa = PBXBuildFile; fileRef = 953A2E781F4E101E00D88C52 /* ActivityIndicatorView.swift */; };
		954434121F4E4821000F59EC /* WordsmithFeedTableViewController.swift in Sources */ = {isa = PBXBuildFile; fileRef = 954434111F4E4821000F59EC /* WordsmithFeedTableViewController.swift */; };
		95A200971F3933D900FDB910 /* StudioTextFieldDelegate.swift in Sources */ = {isa = PBXBuildFile; fileRef = 95A200961F3933D900FDB910 /* StudioTextFieldDelegate.swift */; };
		95A200991F39340400FDB910 /* StudioTextViewDelegate.swift in Sources */ = {isa = PBXBuildFile; fileRef = 95A200981F39340400FDB910 /* StudioTextViewDelegate.swift */; };
		95EF0DD21F3F494600EC6DDC /* SavedTrackManager.swift in Sources */ = {isa = PBXBuildFile; fileRef = 95EF0DD11F3F494600EC6DDC /* SavedTrackManager.swift */; };
		EA25DE04343B6E4ADE610C92 /* Pods_RadioFreeAmerica.framework in Frameworks */ = {isa = PBXBuildFile; fileRef = B89A5A22515871740B93D705 /* Pods_RadioFreeAmerica.framework */; };
/* End PBXBuildFile section */

/* Begin PBXCopyFilesBuildPhase section */
		955BE49D1F186534008B28C7 /* Embed Frameworks */ = {
			isa = PBXCopyFilesBuildPhase;
			buildActionMask = 2147483647;
			dstPath = "";
			dstSubfolderSpec = 10;
			files = (
			);
			name = "Embed Frameworks";
			runOnlyForDeploymentPostprocessing = 0;
		};
/* End PBXCopyFilesBuildPhase section */

/* Begin PBXFileReference section */
		7E41EC5B91D9721D985ABB90 /* Pods-RadioFreeAmerica.release.xcconfig */ = {isa = PBXFileReference; includeInIndex = 1; lastKnownFileType = text.xcconfig; name = "Pods-RadioFreeAmerica.release.xcconfig"; path = "Pods/Target Support Files/Pods-RadioFreeAmerica/Pods-RadioFreeAmerica.release.xcconfig"; sourceTree = "<group>"; };
		95124A3F1F510272001A4B75 /* WordsmithFeedViewController.swift */ = {isa = PBXFileReference; lastKnownFileType = sourcecode.swift; path = WordsmithFeedViewController.swift; sourceTree = "<group>"; };
		95124A411F510BE3001A4B75 /* TrackTableViewCell.swift */ = {isa = PBXFileReference; lastKnownFileType = sourcecode.swift; path = TrackTableViewCell.swift; sourceTree = "<group>"; };
		951D22841EEF3DA5005264A7 /* RadioFreeAmerica.app */ = {isa = PBXFileReference; explicitFileType = wrapper.application; includeInIndex = 0; path = RadioFreeAmerica.app; sourceTree = BUILT_PRODUCTS_DIR; };
		951D22871EEF3DA5005264A7 /* AppDelegate.swift */ = {isa = PBXFileReference; lastKnownFileType = sourcecode.swift; path = AppDelegate.swift; sourceTree = "<group>"; };
		951D22891EEF3DA5005264A7 /* MainViewController.swift */ = {isa = PBXFileReference; lastKnownFileType = sourcecode.swift; path = MainViewController.swift; sourceTree = "<group>"; };
		951D228C1EEF3DA5005264A7 /* Base */ = {isa = PBXFileReference; lastKnownFileType = file.storyboard; name = Base; path = Base.lproj/Main.storyboard; sourceTree = "<group>"; };
		951D228E1EEF3DA5005264A7 /* Assets.xcassets */ = {isa = PBXFileReference; lastKnownFileType = folder.assetcatalog; path = Assets.xcassets; sourceTree = "<group>"; };
		951D22911EEF3DA5005264A7 /* Base */ = {isa = PBXFileReference; lastKnownFileType = file.storyboard; name = Base; path = Base.lproj/LaunchScreen.storyboard; sourceTree = "<group>"; };
		951D22931EEF3DA5005264A7 /* Info.plist */ = {isa = PBXFileReference; lastKnownFileType = text.plist.xml; path = Info.plist; sourceTree = "<group>"; };
		951D22991EEF3EAC005264A7 /* GoogleService-Info.plist */ = {isa = PBXFileReference; fileEncoding = 4; lastKnownFileType = text.plist.xml; path = "GoogleService-Info.plist"; sourceTree = "<group>"; };
		951D229F1EF492C5005264A7 /* MenuButton.swift */ = {isa = PBXFileReference; fileEncoding = 4; lastKnownFileType = sourcecode.swift; path = MenuButton.swift; sourceTree = "<group>"; };
		951D22A31EF9E442005264A7 /* WordsmithPageViewController.swift */ = {isa = PBXFileReference; fileEncoding = 4; lastKnownFileType = sourcecode.swift; path = WordsmithPageViewController.swift; sourceTree = "<group>"; };
		951D22A51EF9F016005264A7 /* GenreChoiceViewController.swift */ = {isa = PBXFileReference; fileEncoding = 4; lastKnownFileType = sourcecode.swift; path = GenreChoiceViewController.swift; sourceTree = "<group>"; };
		951D22AA1EFA08CE005264A7 /* GenreCollectionViewCell.swift */ = {isa = PBXFileReference; fileEncoding = 4; lastKnownFileType = sourcecode.swift; path = GenreCollectionViewCell.swift; sourceTree = "<group>"; };
		951D22AC1EFA09FB005264A7 /* User.swift */ = {isa = PBXFileReference; fileEncoding = 4; lastKnownFileType = sourcecode.swift; path = User.swift; sourceTree = "<group>"; };
		951D22AE1EFA0A24005264A7 /* Track.swift */ = {isa = PBXFileReference; fileEncoding = 4; lastKnownFileType = sourcecode.swift; path = Track.swift; sourceTree = "<group>"; };
		951D22B11EFA0EC4005264A7 /* GenreCollectionViewController.swift */ = {isa = PBXFileReference; fileEncoding = 4; lastKnownFileType = sourcecode.swift; path = GenreCollectionViewController.swift; sourceTree = "<group>"; };
		951D22B31EFD779A005264A7 /* rock.m4v */ = {isa = PBXFileReference; lastKnownFileType = file; path = rock.m4v; sourceTree = "<group>"; };
		951D22B51EFD8E31005264A7 /* VideoContainerView.swift */ = {isa = PBXFileReference; fileEncoding = 4; lastKnownFileType = sourcecode.swift; path = VideoContainerView.swift; sourceTree = "<group>"; };
		951D22B71F0AE138005264A7 /* WordsmithHomeViewController.swift */ = {isa = PBXFileReference; fileEncoding = 4; lastKnownFileType = sourcecode.swift; path = WordsmithHomeViewController.swift; sourceTree = "<group>"; };
		951D22B91F0AF97B005264A7 /* StatView.xib */ = {isa = PBXFileReference; fileEncoding = 4; lastKnownFileType = file.xib; path = StatView.xib; sourceTree = "<group>"; };
		951D22BB1F0AFC41005264A7 /* StatView.swift */ = {isa = PBXFileReference; fileEncoding = 4; lastKnownFileType = sourcecode.swift; path = StatView.swift; sourceTree = "<group>"; };
		951D22BD1F0B10D6005264A7 /* Stat.swift */ = {isa = PBXFileReference; fileEncoding = 4; lastKnownFileType = sourcecode.swift; path = Stat.swift; sourceTree = "<group>"; };
		95265BAD1F0D88E700F44E05 /* WordsmithChoiceViewController.swift */ = {isa = PBXFileReference; lastKnownFileType = sourcecode.swift; path = WordsmithChoiceViewController.swift; sourceTree = "<group>"; };
		9535E3A41F14581B0025531E /* WordsmithPageViewControllerChild.swift */ = {isa = PBXFileReference; lastKnownFileType = sourcecode.swift; path = WordsmithPageViewControllerChild.swift; sourceTree = "<group>"; };
		9535E3A91F145BFC0025531E /* TrackInfoView.xib */ = {isa = PBXFileReference; lastKnownFileType = file.xib; path = TrackInfoView.xib; sourceTree = "<group>"; };
		9535E3AB1F145DA30025531E /* TrackInfoView.swift */ = {isa = PBXFileReference; lastKnownFileType = sourcecode.swift; path = TrackInfoView.swift; sourceTree = "<group>"; };
		9535E3AD1F15B0770025531E /* StudioViewController.swift */ = {isa = PBXFileReference; lastKnownFileType = sourcecode.swift; path = StudioViewController.swift; sourceTree = "<group>"; };
		9535E3B01F16BBEB0025531E /* CustomShowSegue.swift */ = {isa = PBXFileReference; lastKnownFileType = sourcecode.swift; path = CustomShowSegue.swift; sourceTree = "<group>"; };
		953A2E781F4E101E00D88C52 /* ActivityIndicatorView.swift */ = {isa = PBXFileReference; lastKnownFileType = sourcecode.swift; path = ActivityIndicatorView.swift; sourceTree = "<group>"; };
		954434111F4E4821000F59EC /* WordsmithFeedTableViewController.swift */ = {isa = PBXFileReference; lastKnownFileType = sourcecode.swift; path = WordsmithFeedTableViewController.swift; sourceTree = "<group>"; };
		95A200961F3933D900FDB910 /* StudioTextFieldDelegate.swift */ = {isa = PBXFileReference; lastKnownFileType = sourcecode.swift; path = StudioTextFieldDelegate.swift; sourceTree = "<group>"; };
		95A200981F39340400FDB910 /* StudioTextViewDelegate.swift */ = {isa = PBXFileReference; lastKnownFileType = sourcecode.swift; path = StudioTextViewDelegate.swift; sourceTree = "<group>"; };
		95BA8C8B1F16F431008F60C5 /* AudioKit.framework */ = {isa = PBXFileReference; lastKnownFileType = wrapper.framework; name = AudioKit.framework; path = ../../../Downloads/AudioKit/iOS/AudioKit.framework; sourceTree = "<group>"; };
		95EF0DD11F3F494600EC6DDC /* SavedTrackManager.swift */ = {isa = PBXFileReference; lastKnownFileType = sourcecode.swift; path = SavedTrackManager.swift; sourceTree = "<group>"; };
		A2EA3C87DBE567095C362C21 /* Pods-RadioFreeAmerica.debug.xcconfig */ = {isa = PBXFileReference; includeInIndex = 1; lastKnownFileType = text.xcconfig; name = "Pods-RadioFreeAmerica.debug.xcconfig"; path = "Pods/Target Support Files/Pods-RadioFreeAmerica/Pods-RadioFreeAmerica.debug.xcconfig"; sourceTree = "<group>"; };
		B89A5A22515871740B93D705 /* Pods_RadioFreeAmerica.framework */ = {isa = PBXFileReference; explicitFileType = wrapper.framework; includeInIndex = 0; path = Pods_RadioFreeAmerica.framework; sourceTree = BUILT_PRODUCTS_DIR; };
/* End PBXFileReference section */

/* Begin PBXFrameworksBuildPhase section */
		951D22811EEF3DA5005264A7 /* Frameworks */ = {
			isa = PBXFrameworksBuildPhase;
			buildActionMask = 2147483647;
			files = (
				EA25DE04343B6E4ADE610C92 /* Pods_RadioFreeAmerica.framework in Frameworks */,
			);
			runOnlyForDeploymentPostprocessing = 0;
		};
/* End PBXFrameworksBuildPhase section */

/* Begin PBXGroup section */
		2A62155AA92293C8BD98501E /* Frameworks */ = {
			isa = PBXGroup;
			children = (
				95BA8C8B1F16F431008F60C5 /* AudioKit.framework */,
				B89A5A22515871740B93D705 /* Pods_RadioFreeAmerica.framework */,
			);
			name = Frameworks;
			sourceTree = "<group>";
		};
		951D227B1EEF3DA5005264A7 = {
			isa = PBXGroup;
			children = (
				951D22861EEF3DA5005264A7 /* RadioFreeAmerica */,
				951D22851EEF3DA5005264A7 /* Products */,
				C88D44B825F6E43FD6CD0B15 /* Pods */,
				2A62155AA92293C8BD98501E /* Frameworks */,
			);
			sourceTree = "<group>";
		};
		951D22851EEF3DA5005264A7 /* Products */ = {
			isa = PBXGroup;
			children = (
				951D22841EEF3DA5005264A7 /* RadioFreeAmerica.app */,
			);
			name = Products;
			sourceTree = "<group>";
		};
		951D22861EEF3DA5005264A7 /* RadioFreeAmerica */ = {
			isa = PBXGroup;
			children = (
				951D22B01EFA0E5B005264A7 /* View */,
				951D22A91EFA081F005264A7 /* Model */,
				951D22871EEF3DA5005264A7 /* AppDelegate.swift */,
				951D22891EEF3DA5005264A7 /* MainViewController.swift */,
				95EF0DD11F3F494600EC6DDC /* SavedTrackManager.swift */,
				951D228B1EEF3DA5005264A7 /* Main.storyboard */,
				9535E3A81F14599D0025531E /* Wordsmith View Controllers */,
				951D22B11EFA0EC4005264A7 /* GenreCollectionViewController.swift */,
				951D22A51EF9F016005264A7 /* GenreChoiceViewController.swift */,
				951D228E1EEF3DA5005264A7 /* Assets.xcassets */,
				951D22B31EFD779A005264A7 /* rock.m4v */,
				951D22901EEF3DA5005264A7 /* LaunchScreen.storyboard */,
				951D22931EEF3DA5005264A7 /* Info.plist */,
				951D22991EEF3EAC005264A7 /* GoogleService-Info.plist */,
			);
			path = RadioFreeAmerica;
			sourceTree = "<group>";
		};
		951D22A91EFA081F005264A7 /* Model */ = {
			isa = PBXGroup;
			children = (
				951D22AC1EFA09FB005264A7 /* User.swift */,
				951D22AE1EFA0A24005264A7 /* Track.swift */,
				951D22BD1F0B10D6005264A7 /* Stat.swift */,
				9535E3A41F14581B0025531E /* WordsmithPageViewControllerChild.swift */,
			);
			name = Model;
			sourceTree = "<group>";
		};
		951D22B01EFA0E5B005264A7 /* View */ = {
			isa = PBXGroup;
			children = (
				951D22AA1EFA08CE005264A7 /* GenreCollectionViewCell.swift */,
				951D229F1EF492C5005264A7 /* MenuButton.swift */,
				951D22B51EFD8E31005264A7 /* VideoContainerView.swift */,
				951D22B91F0AF97B005264A7 /* StatView.xib */,
				951D22BB1F0AFC41005264A7 /* StatView.swift */,
				9535E3A91F145BFC0025531E /* TrackInfoView.xib */,
				9535E3AB1F145DA30025531E /* TrackInfoView.swift */,
				9535E3B01F16BBEB0025531E /* CustomShowSegue.swift */,
				953A2E781F4E101E00D88C52 /* ActivityIndicatorView.swift */,
				95124A411F510BE3001A4B75 /* TrackTableViewCell.swift */,
			);
			name = View;
			sourceTree = "<group>";
		};
		9535E3A81F14599D0025531E /* Wordsmith View Controllers */ = {
			isa = PBXGroup;
			children = (
				9535E3AD1F15B0770025531E /* StudioViewController.swift */,
				95A2009A1F39362B00FDB910 /* Studio Delegates */,
				95265BAD1F0D88E700F44E05 /* WordsmithChoiceViewController.swift */,
				951D22B71F0AE138005264A7 /* WordsmithHomeViewController.swift */,
				951D22A31EF9E442005264A7 /* WordsmithPageViewController.swift */,
				95124A3F1F510272001A4B75 /* WordsmithFeedViewController.swift */,
				954434111F4E4821000F59EC /* WordsmithFeedTableViewController.swift */,
			);
			path = "Wordsmith View Controllers";
			sourceTree = "<group>";
		};
		95A2009A1F39362B00FDB910 /* Studio Delegates */ = {
			isa = PBXGroup;
			children = (
				95A200961F3933D900FDB910 /* StudioTextFieldDelegate.swift */,
				95A200981F39340400FDB910 /* StudioTextViewDelegate.swift */,
			);
			path = "Studio Delegates";
			sourceTree = "<group>";
		};
		C88D44B825F6E43FD6CD0B15 /* Pods */ = {
			isa = PBXGroup;
			children = (
				A2EA3C87DBE567095C362C21 /* Pods-RadioFreeAmerica.debug.xcconfig */,
				7E41EC5B91D9721D985ABB90 /* Pods-RadioFreeAmerica.release.xcconfig */,
			);
			name = Pods;
			sourceTree = "<group>";
		};
/* End PBXGroup section */

/* Begin PBXNativeTarget section */
		951D22831EEF3DA5005264A7 /* RadioFreeAmerica */ = {
			isa = PBXNativeTarget;
			buildConfigurationList = 951D22961EEF3DA5005264A7 /* Build configuration list for PBXNativeTarget "RadioFreeAmerica" */;
			buildPhases = (
				82F5887E7E3D839E08893970 /* [CP] Check Pods Manifest.lock */,
				951D22801EEF3DA5005264A7 /* Sources */,
				951D22811EEF3DA5005264A7 /* Frameworks */,
				951D22821EEF3DA5005264A7 /* Resources */,
				213977D41971C655251F9D1A /* [CP] Embed Pods Frameworks */,
				9D7BA3BA59456F1F4B70B01B /* [CP] Copy Pods Resources */,
				955BE49D1F186534008B28C7 /* Embed Frameworks */,
			);
			buildRules = (
			);
			dependencies = (
			);
			name = RadioFreeAmerica;
			productName = RadioFreeAmerica;
			productReference = 951D22841EEF3DA5005264A7 /* RadioFreeAmerica.app */;
			productType = "com.apple.product-type.application";
		};
/* End PBXNativeTarget section */

/* Begin PBXProject section */
		951D227C1EEF3DA5005264A7 /* Project object */ = {
			isa = PBXProject;
			attributes = {
				LastSwiftUpdateCheck = 0830;
				LastUpgradeCheck = 0830;
				ORGANIZATIONNAME = J2MFD;
				TargetAttributes = {
					951D22831EEF3DA5005264A7 = {
						CreatedOnToolsVersion = 8.3.3;
						DevelopmentTeam = A5EQQRPM7V;
						LastSwiftMigration = 0900;
						ProvisioningStyle = Automatic;
					};
				};
			};
			buildConfigurationList = 951D227F1EEF3DA5005264A7 /* Build configuration list for PBXProject "RadioFreeAmerica" */;
			compatibilityVersion = "Xcode 3.2";
			developmentRegion = English;
			hasScannedForEncodings = 0;
			knownRegions = (
				en,
				Base,
			);
			mainGroup = 951D227B1EEF3DA5005264A7;
			productRefGroup = 951D22851EEF3DA5005264A7 /* Products */;
			projectDirPath = "";
			projectRoot = "";
			targets = (
				951D22831EEF3DA5005264A7 /* RadioFreeAmerica */,
			);
		};
/* End PBXProject section */

/* Begin PBXResourcesBuildPhase section */
		951D22821EEF3DA5005264A7 /* Resources */ = {
			isa = PBXResourcesBuildPhase;
			buildActionMask = 2147483647;
			files = (
				9535E3AA1F145BFC0025531E /* TrackInfoView.xib in Resources */,
				951D229A1EEF3EAC005264A7 /* GoogleService-Info.plist in Resources */,
				951D22921EEF3DA5005264A7 /* LaunchScreen.storyboard in Resources */,
				951D22BA1F0AF97B005264A7 /* StatView.xib in Resources */,
				951D228F1EEF3DA5005264A7 /* Assets.xcassets in Resources */,
				951D22B41EFD779A005264A7 /* rock.m4v in Resources */,
				951D228D1EEF3DA5005264A7 /* Main.storyboard in Resources */,
			);
			runOnlyForDeploymentPostprocessing = 0;
		};
/* End PBXResourcesBuildPhase section */

/* Begin PBXShellScriptBuildPhase section */
		213977D41971C655251F9D1A /* [CP] Embed Pods Frameworks */ = {
			isa = PBXShellScriptBuildPhase;
			buildActionMask = 2147483647;
			files = (
			);
			inputPaths = (
			);
			name = "[CP] Embed Pods Frameworks";
			outputPaths = (
			);
			runOnlyForDeploymentPostprocessing = 0;
			shellPath = /bin/sh;
			shellScript = "\"${SRCROOT}/Pods/Target Support Files/Pods-RadioFreeAmerica/Pods-RadioFreeAmerica-frameworks.sh\"\n";
			showEnvVarsInLog = 0;
		};
		82F5887E7E3D839E08893970 /* [CP] Check Pods Manifest.lock */ = {
			isa = PBXShellScriptBuildPhase;
			buildActionMask = 2147483647;
			files = (
			);
			inputPaths = (
			);
			name = "[CP] Check Pods Manifest.lock";
			outputPaths = (
			);
			runOnlyForDeploymentPostprocessing = 0;
			shellPath = /bin/sh;
			shellScript = "diff \"${PODS_PODFILE_DIR_PATH}/Podfile.lock\" \"${PODS_ROOT}/Manifest.lock\" > /dev/null\nif [ $? != 0 ] ; then\n    # print error to STDERR\n    echo \"error: The sandbox is not in sync with the Podfile.lock. Run 'pod install' or update your CocoaPods installation.\" >&2\n    exit 1\nfi\n";
			showEnvVarsInLog = 0;
		};
		9D7BA3BA59456F1F4B70B01B /* [CP] Copy Pods Resources */ = {
			isa = PBXShellScriptBuildPhase;
			buildActionMask = 2147483647;
			files = (
			);
			inputPaths = (
			);
			name = "[CP] Copy Pods Resources";
			outputPaths = (
			);
			runOnlyForDeploymentPostprocessing = 0;
			shellPath = /bin/sh;
			shellScript = "\"${SRCROOT}/Pods/Target Support Files/Pods-RadioFreeAmerica/Pods-RadioFreeAmerica-resources.sh\"\n";
			showEnvVarsInLog = 0;
		};
/* End PBXShellScriptBuildPhase section */

/* Begin PBXSourcesBuildPhase section */
		951D22801EEF3DA5005264A7 /* Sources */ = {
			isa = PBXSourcesBuildPhase;
			buildActionMask = 2147483647;
			files = (
				951D22BE1F0B10D6005264A7 /* Stat.swift in Sources */,
				951D22BC1F0AFC41005264A7 /* StatView.swift in Sources */,
				951D22AB1EFA08CE005264A7 /* GenreCollectionViewCell.swift in Sources */,
				9535E3B11F16BBEB0025531E /* CustomShowSegue.swift in Sources */,
				954434121F4E4821000F59EC /* WordsmithFeedTableViewController.swift in Sources */,
				9535E3AE1F15B0770025531E /* StudioViewController.swift in Sources */,
				951D228A1EEF3DA5005264A7 /* MainViewController.swift in Sources */,
				951D22B61EFD8E31005264A7 /* VideoContainerView.swift in Sources */,
				95124A401F510272001A4B75 /* WordsmithFeedViewController.swift in Sources */,
				951D22A61EF9F016005264A7 /* GenreChoiceViewController.swift in Sources */,
				9535E3AC1F145DA30025531E /* TrackInfoView.swift in Sources */,
				951D22B21EFA0EC4005264A7 /* GenreCollectionViewController.swift in Sources */,
				95EF0DD21F3F494600EC6DDC /* SavedTrackManager.swift in Sources */,
				951D22AD1EFA09FB005264A7 /* User.swift in Sources */,
				951D22AF1EFA0A24005264A7 /* Track.swift in Sources */,
				95265BAE1F0D88E700F44E05 /* WordsmithChoiceViewController.swift in Sources */,
				951D22881EEF3DA5005264A7 /* AppDelegate.swift in Sources */,
				95A200991F39340400FDB910 /* StudioTextViewDelegate.swift in Sources */,
				953A2E791F4E101E00D88C52 /* ActivityIndicatorView.swift in Sources */,
				951D22B81F0AE138005264A7 /* WordsmithHomeViewController.swift in Sources */,
				95124A421F510BE3001A4B75 /* TrackTableViewCell.swift in Sources */,
				951D22A01EF492C5005264A7 /* MenuButton.swift in Sources */,
				951D22A41EF9E442005264A7 /* WordsmithPageViewController.swift in Sources */,
				95A200971F3933D900FDB910 /* StudioTextFieldDelegate.swift in Sources */,
				9535E3A51F14581B0025531E /* WordsmithPageViewControllerChild.swift in Sources */,
			);
			runOnlyForDeploymentPostprocessing = 0;
		};
/* End PBXSourcesBuildPhase section */

/* Begin PBXVariantGroup section */
		951D228B1EEF3DA5005264A7 /* Main.storyboard */ = {
			isa = PBXVariantGroup;
			children = (
				951D228C1EEF3DA5005264A7 /* Base */,
			);
			name = Main.storyboard;
			sourceTree = "<group>";
		};
		951D22901EEF3DA5005264A7 /* LaunchScreen.storyboard */ = {
			isa = PBXVariantGroup;
			children = (
				951D22911EEF3DA5005264A7 /* Base */,
			);
			name = LaunchScreen.storyboard;
			sourceTree = "<group>";
		};
/* End PBXVariantGroup section */

/* Begin XCBuildConfiguration section */
		951D22941EEF3DA5005264A7 /* Debug */ = {
			isa = XCBuildConfiguration;
			buildSettings = {
				ALWAYS_SEARCH_USER_PATHS = NO;
				CLANG_ANALYZER_NONNULL = YES;
				CLANG_ANALYZER_NUMBER_OBJECT_CONVERSION = YES_AGGRESSIVE;
				CLANG_CXX_LANGUAGE_STANDARD = "gnu++0x";
				CLANG_CXX_LIBRARY = "libc++";
				CLANG_ENABLE_MODULES = YES;
				CLANG_ENABLE_OBJC_ARC = YES;
				CLANG_WARN_BOOL_CONVERSION = YES;
				CLANG_WARN_CONSTANT_CONVERSION = YES;
				CLANG_WARN_DIRECT_OBJC_ISA_USAGE = YES_ERROR;
				CLANG_WARN_DOCUMENTATION_COMMENTS = YES;
				CLANG_WARN_EMPTY_BODY = YES;
				CLANG_WARN_ENUM_CONVERSION = YES;
				CLANG_WARN_INFINITE_RECURSION = YES;
				CLANG_WARN_INT_CONVERSION = YES;
				CLANG_WARN_OBJC_ROOT_CLASS = YES_ERROR;
				CLANG_WARN_SUSPICIOUS_MOVE = YES;
				CLANG_WARN_UNREACHABLE_CODE = YES;
				CLANG_WARN__DUPLICATE_METHOD_MATCH = YES;
				"CODE_SIGN_IDENTITY[sdk=iphoneos*]" = "iPhone Developer";
				COPY_PHASE_STRIP = NO;
				DEBUG_INFORMATION_FORMAT = dwarf;
				ENABLE_STRICT_OBJC_MSGSEND = YES;
				ENABLE_TESTABILITY = YES;
				GCC_C_LANGUAGE_STANDARD = gnu99;
				GCC_DYNAMIC_NO_PIC = NO;
				GCC_NO_COMMON_BLOCKS = YES;
				GCC_OPTIMIZATION_LEVEL = 0;
				GCC_PREPROCESSOR_DEFINITIONS = (
					"DEBUG=1",
					"$(inherited)",
				);
				GCC_WARN_64_TO_32_BIT_CONVERSION = YES;
				GCC_WARN_ABOUT_RETURN_TYPE = YES_ERROR;
				GCC_WARN_UNDECLARED_SELECTOR = YES;
				GCC_WARN_UNINITIALIZED_AUTOS = YES_AGGRESSIVE;
				GCC_WARN_UNUSED_FUNCTION = YES;
				GCC_WARN_UNUSED_VARIABLE = YES;
				IPHONEOS_DEPLOYMENT_TARGET = 10.3;
				MTL_ENABLE_DEBUG_INFO = YES;
				ONLY_ACTIVE_ARCH = YES;
				SDKROOT = iphoneos;
				SWIFT_ACTIVE_COMPILATION_CONDITIONS = DEBUG;
				SWIFT_OPTIMIZATION_LEVEL = "-Onone";
				SWIFT_VERSION = 3.0;
				TARGETED_DEVICE_FAMILY = "1,2";
			};
			name = Debug;
		};
		951D22951EEF3DA5005264A7 /* Release */ = {
			isa = XCBuildConfiguration;
			buildSettings = {
				ALWAYS_SEARCH_USER_PATHS = NO;
				CLANG_ANALYZER_NONNULL = YES;
				CLANG_ANALYZER_NUMBER_OBJECT_CONVERSION = YES_AGGRESSIVE;
				CLANG_CXX_LANGUAGE_STANDARD = "gnu++0x";
				CLANG_CXX_LIBRARY = "libc++";
				CLANG_ENABLE_MODULES = YES;
				CLANG_ENABLE_OBJC_ARC = YES;
				CLANG_WARN_BOOL_CONVERSION = YES;
				CLANG_WARN_CONSTANT_CONVERSION = YES;
				CLANG_WARN_DIRECT_OBJC_ISA_USAGE = YES_ERROR;
				CLANG_WARN_DOCUMENTATION_COMMENTS = YES;
				CLANG_WARN_EMPTY_BODY = YES;
				CLANG_WARN_ENUM_CONVERSION = YES;
				CLANG_WARN_INFINITE_RECURSION = YES;
				CLANG_WARN_INT_CONVERSION = YES;
				CLANG_WARN_OBJC_ROOT_CLASS = YES_ERROR;
				CLANG_WARN_SUSPICIOUS_MOVE = YES;
				CLANG_WARN_UNREACHABLE_CODE = YES;
				CLANG_WARN__DUPLICATE_METHOD_MATCH = YES;
				"CODE_SIGN_IDENTITY[sdk=iphoneos*]" = "iPhone Developer";
				COPY_PHASE_STRIP = NO;
				DEBUG_INFORMATION_FORMAT = "dwarf-with-dsym";
				ENABLE_NS_ASSERTIONS = NO;
				ENABLE_STRICT_OBJC_MSGSEND = YES;
				GCC_C_LANGUAGE_STANDARD = gnu99;
				GCC_NO_COMMON_BLOCKS = YES;
				GCC_WARN_64_TO_32_BIT_CONVERSION = YES;
				GCC_WARN_ABOUT_RETURN_TYPE = YES_ERROR;
				GCC_WARN_UNDECLARED_SELECTOR = YES;
				GCC_WARN_UNINITIALIZED_AUTOS = YES_AGGRESSIVE;
				GCC_WARN_UNUSED_FUNCTION = YES;
				GCC_WARN_UNUSED_VARIABLE = YES;
				IPHONEOS_DEPLOYMENT_TARGET = 10.3;
				MTL_ENABLE_DEBUG_INFO = NO;
				SDKROOT = iphoneos;
				SWIFT_OPTIMIZATION_LEVEL = "-Owholemodule";
				SWIFT_VERSION = 3.0;
				TARGETED_DEVICE_FAMILY = "1,2";
				VALIDATE_PRODUCT = YES;
			};
			name = Release;
		};
		951D22971EEF3DA5005264A7 /* Debug */ = {
			isa = XCBuildConfiguration;
			baseConfigurationReference = A2EA3C87DBE567095C362C21 /* Pods-RadioFreeAmerica.debug.xcconfig */;
			buildSettings = {
				ALWAYS_EMBED_SWIFT_STANDARD_LIBRARIES = YES;
				ASSETCATALOG_COMPILER_APPICON_NAME = AppIcon;
				DEVELOPMENT_TEAM = A5EQQRPM7V;
				INFOPLIST_FILE = RadioFreeAmerica/Info.plist;
				LD_RUNPATH_SEARCH_PATHS = "$(inherited) @executable_path/Frameworks";
				PRODUCT_BUNDLE_IDENTIFIER = com.j2mfd.RadioFreeAmerica;
				PRODUCT_NAME = "$(TARGET_NAME)";
				SWIFT_SWIFT3_OBJC_INFERENCE = On;
				SWIFT_VERSION = 3.0;
			};
			name = Debug;
		};
		951D22981EEF3DA5005264A7 /* Release */ = {
			isa = XCBuildConfiguration;
			baseConfigurationReference = 7E41EC5B91D9721D985ABB90 /* Pods-RadioFreeAmerica.release.xcconfig */;
			buildSettings = {
				ALWAYS_EMBED_SWIFT_STANDARD_LIBRARIES = YES;
				ASSETCATALOG_COMPILER_APPICON_NAME = AppIcon;
				DEVELOPMENT_TEAM = A5EQQRPM7V;
				INFOPLIST_FILE = RadioFreeAmerica/Info.plist;
				LD_RUNPATH_SEARCH_PATHS = "$(inherited) @executable_path/Frameworks";
				PRODUCT_BUNDLE_IDENTIFIER = com.j2mfd.RadioFreeAmerica;
				PRODUCT_NAME = "$(TARGET_NAME)";
				SWIFT_SWIFT3_OBJC_INFERENCE = On;
				SWIFT_VERSION = 3.0;
			};
			name = Release;
		};
/* End XCBuildConfiguration section */

/* Begin XCConfigurationList section */
		951D227F1EEF3DA5005264A7 /* Build configuration list for PBXProject "RadioFreeAmerica" */ = {
			isa = XCConfigurationList;
			buildConfigurations = (
				951D22941EEF3DA5005264A7 /* Debug */,
				951D22951EEF3DA5005264A7 /* Release */,
			);
			defaultConfigurationIsVisible = 0;
			defaultConfigurationName = Release;
		};
		951D22961EEF3DA5005264A7 /* Build configuration list for PBXNativeTarget "RadioFreeAmerica" */ = {
			isa = XCConfigurationList;
			buildConfigurations = (
				951D22971EEF3DA5005264A7 /* Debug */,
				951D22981EEF3DA5005264A7 /* Release */,
			);
			defaultConfigurationIsVisible = 0;
			defaultConfigurationName = Release;
		};
/* End XCConfigurationList section */
	};
	rootObject = 951D227C1EEF3DA5005264A7 /* Project object */;
}
